<?xml version="1.0" encoding="utf-8"?>
<Project ToolsVersion="4.0" xmlns="http://schemas.microsoft.com/developer/msbuild/2003">
  <ItemGroup>
    <ClInclude Include="Common\CommonHeaders.h" />
    <ClInclude Include="Common\PrimitiveTypes.h" />
    <ClInclude Include="Common\Id.h" />
    <ClInclude Include="Components\Entity.h" />
    <ClInclude Include="Components\ComponentsCommon.h" />
    <ClInclude Include="Components\Transform.h" />
    <ClInclude Include="Utilities\Utilities.h" />
    <ClInclude Include="EngineAPI\GameEntity.h" />
    <ClInclude Include="EngineAPI\TransfromComponent.h" />
    <ClInclude Include="Utilities\MathTypes.h" />
    <ClInclude Include="EngineAPI\ScriptComponent.h" />
    <ClInclude Include="Components\Script.h" />
    <ClInclude Include="Content\ContentLoader.h" />
    <ClInclude Include="Platform\Platform.h" />
    <ClInclude Include="Platform\Window.h" />
    <ClInclude Include="Platform\PlatformTypes.h" />
    <ClInclude Include="Graphics\Renderer.h" />
    <ClInclude Include="Utilities\Math.h" />
    <ClInclude Include="Graphics\GraphicsPlatformInterface.h" />
    <ClInclude Include="Graphics\Direct3D12\D3D12Interface.h" />
    <ClInclude Include="Graphics\Direct3D12\D3D12Core.h" />
    <ClInclude Include="Graphics\Direct3D12\D3D12CommonHeaders.h" />
    <ClInclude Include="Graphics\Direct3D12\D3D12Resources.h" />
    <ClInclude Include="Graphics\Direct3D12\D3D12Surface.h" />
    <ClInclude Include="Utilities\FreeList.h" />
    <ClInclude Include="Utilities\Vector.h" />
  </ItemGroup>
  <ItemGroup>
    <ClCompile Include="Components\Entity.cpp" />
    <ClCompile Include="Components\Transform.cpp" />
    <ClCompile Include="Components\Script.cpp" />
    <ClCompile Include="Core\Main.cpp" />
    <ClCompile Include="Core\Engine.cpp" />
    <ClCompile Include="Content\ContentLoader.cpp" />
    <ClCompile Include="Platform\Platform.cpp" />
    <ClCompile Include="Graphics\Renderer.cpp" />
    <ClCompile Include="Graphics\Direct3D12\D3D12Interface.cpp" />
    <ClCompile Include="Graphics\Direct3D12\D3D12Core.cpp" />
    <ClCompile Include="Graphics\Direct3D12\D3D12Resources.cpp" />
    <ClCompile Include="Graphics\Direct3D12\D3D12Surface.cpp" />
  </ItemGroup>
</Project>